// !$*UTF8*$!
{
	archiveVersion = 1;
	classes = {
	};
	objectVersion = 46;
	objects = {

/* Begin PBXBuildFile section */
		B710753914C89AC900BB0B66 /* TableCellEventList.m in Sources */ = {isa = PBXBuildFile; fileRef = B710753814C89AC900BB0B66 /* TableCellEventList.m */; };
		B710754514C8B27000BB0B66 /* TableCellDetail.m in Sources */ = {isa = PBXBuildFile; fileRef = B710754414C8B27000BB0B66 /* TableCellDetail.m */; };
		B719CC3214C3424A00972C7F /* LoginViewController.m in Sources */ = {isa = PBXBuildFile; fileRef = B719CC3014C3424A00972C7F /* LoginViewController.m */; };
		B719CC3314C3424A00972C7F /* LoginViewController.xib in Resources */ = {isa = PBXBuildFile; fileRef = B719CC3114C3424A00972C7F /* LoginViewController.xib */; };
		B719CC5714C3531D00972C7F /* CFNetwork.framework in Frameworks */ = {isa = PBXBuildFile; fileRef = B719CC5614C3531D00972C7F /* CFNetwork.framework */; };
		B719CC5914C3533900972C7F /* SystemConfiguration.framework in Frameworks */ = {isa = PBXBuildFile; fileRef = B719CC5814C3533900972C7F /* SystemConfiguration.framework */; };
		B719CC5B14C3534600972C7F /* MobileCoreServices.framework in Frameworks */ = {isa = PBXBuildFile; fileRef = B719CC5A14C3534600972C7F /* MobileCoreServices.framework */; };
		B719CC5D14C3535F00972C7F /* libz.1.2.5.dylib in Frameworks */ = {isa = PBXBuildFile; fileRef = B719CC5C14C3535F00972C7F /* libz.1.2.5.dylib */; };
		B7228B5314CCA1D900FCC786 /* ISO8601DateFormatter.m in Sources */ = {isa = PBXBuildFile; fileRef = B7228B5214CCA1D900FCC786 /* ISO8601DateFormatter.m */; };
		B75E049F1539D71F00C6A500 /* EventTableViewCell.m in Sources */ = {isa = PBXBuildFile; fileRef = B75E049E1539D71F00C6A500 /* EventTableViewCell.m */; };
		B75E04A21539D7AA00C6A500 /* EventTableViewCell.xib in Resources */ = {isa = PBXBuildFile; fileRef = B75E04A11539D7AA00C6A500 /* EventTableViewCell.xib */; };
		B77133E814C756F200D8BDA5 /* ViewTeamViewController.m in Sources */ = {isa = PBXBuildFile; fileRef = B77133E614C756F200D8BDA5 /* ViewTeamViewController.m */; };
		B77133E914C756F200D8BDA5 /* ViewTeamViewController.xib in Resources */ = {isa = PBXBuildFile; fileRef = B77133E714C756F200D8BDA5 /* ViewTeamViewController.xib */; };
		B77C159514E05B1E00413341 /* missing.png in Resources */ = {isa = PBXBuildFile; fileRef = B77C159414E05B1E00413341 /* missing.png */; };
		B77C159914E05CDC00413341 /* gradient.png in Resources */ = {isa = PBXBuildFile; fileRef = B77C159814E05CDC00413341 /* gradient.png */; };
		B7963DE314D07BB70063B03B /* TeamTableViewCell.m in Sources */ = {isa = PBXBuildFile; fileRef = B7963DE214D07BB70063B03B /* TeamTableViewCell.m */; };
		B7963DFA14D09AC60063B03B /* FindTeamViewController.m in Sources */ = {isa = PBXBuildFile; fileRef = B7963DF814D09AC60063B03B /* FindTeamViewController.m */; };
		B7963DFB14D09AC60063B03B /* FindTeamViewController.xib in Resources */ = {isa = PBXBuildFile; fileRef = B7963DF914D09AC60063B03B /* FindTeamViewController.xib */; };
		B7963E0914D0B5DA0063B03B /* TeamTableViewCell.xib in Resources */ = {isa = PBXBuildFile; fileRef = B7963E0814D0B5DA0063B03B /* TeamTableViewCell.xib */; };
		B7963E0E14D0B60C0063B03B /* EventsViewController.m in Sources */ = {isa = PBXBuildFile; fileRef = B7963E0D14D0B60C0063B03B /* EventsViewController.m */; };
		B7963E1714D0B6EC0063B03B /* JSONKit.m in Sources */ = {isa = PBXBuildFile; fileRef = B7963E1614D0B6EC0063B03B /* JSONKit.m */; };
		B7963E1914D0B7360063B03B /* EventsViewController.xib in Resources */ = {isa = PBXBuildFile; fileRef = B7963E1814D0B7360063B03B /* EventsViewController.xib */; };
		B7963E2F14D0B79D0063B03B /* ASIAuthenticationDialog.m in Sources */ = {isa = PBXBuildFile; fileRef = B7963E1C14D0B79D0063B03B /* ASIAuthenticationDialog.m */; };
		B7963E3014D0B79D0063B03B /* ASIDataCompressor.m in Sources */ = {isa = PBXBuildFile; fileRef = B7963E1F14D0B79D0063B03B /* ASIDataCompressor.m */; };
		B7963E3114D0B79D0063B03B /* ASIDataDecompressor.m in Sources */ = {isa = PBXBuildFile; fileRef = B7963E2114D0B79D0063B03B /* ASIDataDecompressor.m */; };
		B7963E3214D0B79D0063B03B /* ASIDownloadCache.m in Sources */ = {isa = PBXBuildFile; fileRef = B7963E2314D0B79D0063B03B /* ASIDownloadCache.m */; };
		B7963E3314D0B79D0063B03B /* ASIFormDataRequest.m in Sources */ = {isa = PBXBuildFile; fileRef = B7963E2514D0B79D0063B03B /* ASIFormDataRequest.m */; };
		B7963E3414D0B79D0063B03B /* ASIHTTPRequest.m in Sources */ = {isa = PBXBuildFile; fileRef = B7963E2714D0B79D0063B03B /* ASIHTTPRequest.m */; };
		B7963E3514D0B79D0063B03B /* ASIInputStream.m in Sources */ = {isa = PBXBuildFile; fileRef = B7963E2B14D0B79D0063B03B /* ASIInputStream.m */; };
		B7963E3614D0B79D0063B03B /* ASINetworkQueue.m in Sources */ = {isa = PBXBuildFile; fileRef = B7963E2D14D0B79D0063B03B /* ASINetworkQueue.m */; };
		B7963E3A14D0B7B60063B03B /* Reachability.m in Sources */ = {isa = PBXBuildFile; fileRef = B7963E3914D0B7B60063B03B /* Reachability.m */; };
		B7963E4414D0B7ED0063B03B /* attend.png in Resources */ = {isa = PBXBuildFile; fileRef = B7963E3B14D0B7ED0063B03B /* attend.png */; };
		B7963E4514D0B7ED0063B03B /* cellbg.png in Resources */ = {isa = PBXBuildFile; fileRef = B7963E3C14D0B7ED0063B03B /* cellbg.png */; };
		B7963E4614D0B7ED0063B03B /* cellframe.png in Resources */ = {isa = PBXBuildFile; fileRef = B7963E3D14D0B7ED0063B03B /* cellframe.png */; };
		B7963E4814D0B7ED0063B03B /* clubmaster_logo114x114.png in Resources */ = {isa = PBXBuildFile; fileRef = B7963E3F14D0B7ED0063B03B /* clubmaster_logo114x114.png */; };
		B7963E4914D0B7ED0063B03B /* clubmaster_logo57x57.png in Resources */ = {isa = PBXBuildFile; fileRef = B7963E4014D0B7ED0063B03B /* clubmaster_logo57x57.png */; };
		B7963E4A14D0B7ED0063B03B /* events.png in Resources */ = {isa = PBXBuildFile; fileRef = B7963E4114D0B7ED0063B03B /* events.png */; };
		B7963E4B14D0B7ED0063B03B /* registrations.png in Resources */ = {isa = PBXBuildFile; fileRef = B7963E4214D0B7ED0063B03B /* registrations.png */; };
		B7963E4C14D0B7ED0063B03B /* settings.png in Resources */ = {isa = PBXBuildFile; fileRef = B7963E4314D0B7ED0063B03B /* settings.png */; };
		B7A13B2D14D730E400BBB642 /* clubmaster_logo_320x314.png in Resources */ = {isa = PBXBuildFile; fileRef = B7A13B2C14D730E400BBB642 /* clubmaster_logo_320x314.png */; };
		B7A13B3014D7339C00BBB642 /* unattend.png in Resources */ = {isa = PBXBuildFile; fileRef = B7A13B2F14D7339C00BBB642 /* unattend.png */; };
		B7A7D8C714E46B2D0085A9FB /* FindEventViewController.m in Sources */ = {isa = PBXBuildFile; fileRef = B7A7D8C514E46B2C0085A9FB /* FindEventViewController.m */; };
		B7A7D8C814E46B2D0085A9FB /* FindEventViewController.xib in Resources */ = {isa = PBXBuildFile; fileRef = B7A7D8C614E46B2D0085A9FB /* FindEventViewController.xib */; };
		B7CB1A201472C3F6002BB32D /* UIKit.framework in Frameworks */ = {isa = PBXBuildFile; fileRef = B7CB1A1F1472C3F6002BB32D /* UIKit.framework */; };
		B7CB1A221472C3F6002BB32D /* Foundation.framework in Frameworks */ = {isa = PBXBuildFile; fileRef = B7CB1A211472C3F6002BB32D /* Foundation.framework */; };
		B7CB1A241472C3F6002BB32D /* CoreGraphics.framework in Frameworks */ = {isa = PBXBuildFile; fileRef = B7CB1A231472C3F6002BB32D /* CoreGraphics.framework */; };
		B7CB1A2A1472C3F6002BB32D /* InfoPlist.strings in Resources */ = {isa = PBXBuildFile; fileRef = B7CB1A281472C3F6002BB32D /* InfoPlist.strings */; };
		B7CB1A2C1472C3F6002BB32D /* main.m in Sources */ = {isa = PBXBuildFile; fileRef = B7CB1A2B1472C3F6002BB32D /* main.m */; };
		B7CB1A301472C3F6002BB32D /* AppDelegate.m in Sources */ = {isa = PBXBuildFile; fileRef = B7CB1A2F1472C3F6002BB32D /* AppDelegate.m */; };
		B7CB1A331472C3F6002BB32D /* MyTrainingViewController.m in Sources */ = {isa = PBXBuildFile; fileRef = B7CB1A321472C3F6002BB32D /* MyTrainingViewController.m */; };
		B7CB1A3A1472C3F6002BB32D /* SettingsViewController.m in Sources */ = {isa = PBXBuildFile; fileRef = B7CB1A391472C3F6002BB32D /* SettingsViewController.m */; };
		B7CB1A411472C3F6002BB32D /* MyTrainingViewController.xib in Resources */ = {isa = PBXBuildFile; fileRef = B7CB1A3F1472C3F6002BB32D /* MyTrainingViewController.xib */; };
		B7CB1A441472C3F6002BB32D /* SettingsViewController.xib in Resources */ = {isa = PBXBuildFile; fileRef = B7CB1A421472C3F6002BB32D /* SettingsViewController.xib */; };
		B7E0365A153A140B002813D6 /* MBProgressHUD.m in Sources */ = {isa = PBXBuildFile; fileRef = B7797C53153A0F8A0037BF42 /* MBProgressHUD.m */; };
		B7F36A0A1539ADCD00D2C1B2 /* Utils.m in Sources */ = {isa = PBXBuildFile; fileRef = B7F36A091539ADCD00D2C1B2 /* Utils.m */; };
		B7F6F6EF14E409AA00691BFB /* cal.png in Resources */ = {isa = PBXBuildFile; fileRef = B7F6F6EE14E409AA00691BFB /* cal.png */; };
		B7F6F70614E4116B00691BFB /* EventKit.framework in Frameworks */ = {isa = PBXBuildFile; fileRef = B7F6F70514E4116B00691BFB /* EventKit.framework */; };
/* End PBXBuildFile section */

/* Begin PBXFileReference section */
		B710753714C89AC900BB0B66 /* TableCellEventList.h */ = {isa = PBXFileReference; fileEncoding = 4; lastKnownFileType = sourcecode.c.h; path = TableCellEventList.h; sourceTree = "<group>"; };
		B710753814C89AC900BB0B66 /* TableCellEventList.m */ = {isa = PBXFileReference; fileEncoding = 4; lastKnownFileType = sourcecode.c.objc; path = TableCellEventList.m; sourceTree = "<group>"; };
		B710754314C8B27000BB0B66 /* TableCellDetail.h */ = {isa = PBXFileReference; fileEncoding = 4; lastKnownFileType = sourcecode.c.h; path = TableCellDetail.h; sourceTree = "<group>"; };
		B710754414C8B27000BB0B66 /* TableCellDetail.m */ = {isa = PBXFileReference; fileEncoding = 4; lastKnownFileType = sourcecode.c.objc; path = TableCellDetail.m; sourceTree = "<group>"; };
		B719CC2F14C3424A00972C7F /* LoginViewController.h */ = {isa = PBXFileReference; fileEncoding = 4; lastKnownFileType = sourcecode.c.h; path = LoginViewController.h; sourceTree = "<group>"; };
		B719CC3014C3424A00972C7F /* LoginViewController.m */ = {isa = PBXFileReference; fileEncoding = 4; lastKnownFileType = sourcecode.c.objc; path = LoginViewController.m; sourceTree = "<group>"; };
		B719CC3114C3424A00972C7F /* LoginViewController.xib */ = {isa = PBXFileReference; fileEncoding = 4; lastKnownFileType = file.xib; path = LoginViewController.xib; sourceTree = "<group>"; };
		B719CC5614C3531D00972C7F /* CFNetwork.framework */ = {isa = PBXFileReference; lastKnownFileType = wrapper.framework; name = CFNetwork.framework; path = System/Library/Frameworks/CFNetwork.framework; sourceTree = SDKROOT; };
		B719CC5814C3533900972C7F /* SystemConfiguration.framework */ = {isa = PBXFileReference; lastKnownFileType = wrapper.framework; name = SystemConfiguration.framework; path = System/Library/Frameworks/SystemConfiguration.framework; sourceTree = SDKROOT; };
		B719CC5A14C3534600972C7F /* MobileCoreServices.framework */ = {isa = PBXFileReference; lastKnownFileType = wrapper.framework; name = MobileCoreServices.framework; path = System/Library/Frameworks/MobileCoreServices.framework; sourceTree = SDKROOT; };
		B719CC5C14C3535F00972C7F /* libz.1.2.5.dylib */ = {isa = PBXFileReference; lastKnownFileType = "compiled.mach-o.dylib"; name = libz.1.2.5.dylib; path = usr/lib/libz.1.2.5.dylib; sourceTree = SDKROOT; };
		B7228B5114CCA1D900FCC786 /* ISO8601DateFormatter.h */ = {isa = PBXFileReference; fileEncoding = 4; lastKnownFileType = sourcecode.c.h; path = ISO8601DateFormatter.h; sourceTree = "<group>"; };
		B7228B5214CCA1D900FCC786 /* ISO8601DateFormatter.m */ = {isa = PBXFileReference; fileEncoding = 4; lastKnownFileType = sourcecode.c.objc; path = ISO8601DateFormatter.m; sourceTree = "<group>"; };
		B75E049D1539D71F00C6A500 /* EventTableViewCell.h */ = {isa = PBXFileReference; fileEncoding = 4; lastKnownFileType = sourcecode.c.h; path = EventTableViewCell.h; sourceTree = "<group>"; };
		B75E049E1539D71F00C6A500 /* EventTableViewCell.m */ = {isa = PBXFileReference; fileEncoding = 4; lastKnownFileType = sourcecode.c.objc; path = EventTableViewCell.m; sourceTree = "<group>"; };
		B75E04A11539D7AA00C6A500 /* EventTableViewCell.xib */ = {isa = PBXFileReference; fileEncoding = 4; lastKnownFileType = file.xib; path = EventTableViewCell.xib; sourceTree = "<group>"; };
		B77133E514C756F200D8BDA5 /* ViewTeamViewController.h */ = {isa = PBXFileReference; fileEncoding = 4; lastKnownFileType = sourcecode.c.h; path = ViewTeamViewController.h; sourceTree = "<group>"; };
		B77133E614C756F200D8BDA5 /* ViewTeamViewController.m */ = {isa = PBXFileReference; fileEncoding = 4; lastKnownFileType = sourcecode.c.objc; path = ViewTeamViewController.m; sourceTree = "<group>"; };
		B77133E714C756F200D8BDA5 /* ViewTeamViewController.xib */ = {isa = PBXFileReference; fileEncoding = 4; lastKnownFileType = file.xib; path = ViewTeamViewController.xib; sourceTree = "<group>"; };
		B7797C52153A0F8A0037BF42 /* MBProgressHUD.h */ = {isa = PBXFileReference; lastKnownFileType = sourcecode.c.h; name = MBProgressHUD.h; path = HUD/MBProgressHUD.h; sourceTree = "<group>"; };
		B7797C53153A0F8A0037BF42 /* MBProgressHUD.m */ = {isa = PBXFileReference; lastKnownFileType = sourcecode.c.objc; name = MBProgressHUD.m; path = HUD/MBProgressHUD.m; sourceTree = "<group>"; };
		B77C159414E05B1E00413341 /* missing.png */ = {isa = PBXFileReference; lastKnownFileType = image.png; path = missing.png; sourceTree = "<group>"; };
		B77C159814E05CDC00413341 /* gradient.png */ = {isa = PBXFileReference; lastKnownFileType = image.png; path = gradient.png; sourceTree = "<group>"; };
		B7963DE114D07BB70063B03B /* TeamTableViewCell.h */ = {isa = PBXFileReference; fileEncoding = 4; lastKnownFileType = sourcecode.c.h; path = TeamTableViewCell.h; sourceTree = "<group>"; };
		B7963DE214D07BB70063B03B /* TeamTableViewCell.m */ = {isa = PBXFileReference; fileEncoding = 4; lastKnownFileType = sourcecode.c.objc; path = TeamTableViewCell.m; sourceTree = "<group>"; };
		B7963DF714D09AC60063B03B /* FindTeamViewController.h */ = {isa = PBXFileReference; fileEncoding = 4; lastKnownFileType = sourcecode.c.h; path = FindTeamViewController.h; sourceTree = "<group>"; };
		B7963DF814D09AC60063B03B /* FindTeamViewController.m */ = {isa = PBXFileReference; fileEncoding = 4; lastKnownFileType = sourcecode.c.objc; path = FindTeamViewController.m; sourceTree = "<group>"; };
		B7963DF914D09AC60063B03B /* FindTeamViewController.xib */ = {isa = PBXFileReference; fileEncoding = 4; lastKnownFileType = file.xib; path = FindTeamViewController.xib; sourceTree = "<group>"; };
		B7963E0814D0B5DA0063B03B /* TeamTableViewCell.xib */ = {isa = PBXFileReference; fileEncoding = 4; lastKnownFileType = file.xib; path = TeamTableViewCell.xib; sourceTree = "<group>"; };
		B7963E0C14D0B60C0063B03B /* EventsViewController.h */ = {isa = PBXFileReference; fileEncoding = 4; lastKnownFileType = sourcecode.c.h; path = EventsViewController.h; sourceTree = "<group>"; };
		B7963E0D14D0B60C0063B03B /* EventsViewController.m */ = {isa = PBXFileReference; fileEncoding = 4; lastKnownFileType = sourcecode.c.objc; path = EventsViewController.m; sourceTree = "<group>"; };
		B7963E1514D0B6EC0063B03B /* JSONKit.h */ = {isa = PBXFileReference; fileEncoding = 4; lastKnownFileType = sourcecode.c.h; name = JSONKit.h; path = JSONKit/JSONKit.h; sourceTree = "<group>"; };
		B7963E1614D0B6EC0063B03B /* JSONKit.m */ = {isa = PBXFileReference; fileEncoding = 4; lastKnownFileType = sourcecode.c.objc; name = JSONKit.m; path = JSONKit/JSONKit.m; sourceTree = "<group>"; };
		B7963E1814D0B7360063B03B /* EventsViewController.xib */ = {isa = PBXFileReference; fileEncoding = 4; lastKnownFileType = file.xib; path = EventsViewController.xib; sourceTree = "<group>"; };
		B7963E1B14D0B79D0063B03B /* ASIAuthenticationDialog.h */ = {isa = PBXFileReference; fileEncoding = 4; lastKnownFileType = sourcecode.c.h; name = ASIAuthenticationDialog.h; path = ASI/ASIAuthenticationDialog.h; sourceTree = "<group>"; };
		B7963E1C14D0B79D0063B03B /* ASIAuthenticationDialog.m */ = {isa = PBXFileReference; fileEncoding = 4; lastKnownFileType = sourcecode.c.objc; name = ASIAuthenticationDialog.m; path = ASI/ASIAuthenticationDialog.m; sourceTree = "<group>"; };
		B7963E1D14D0B79D0063B03B /* ASICacheDelegate.h */ = {isa = PBXFileReference; fileEncoding = 4; lastKnownFileType = sourcecode.c.h; name = ASICacheDelegate.h; path = ASI/ASICacheDelegate.h; sourceTree = "<group>"; };
		B7963E1E14D0B79D0063B03B /* ASIDataCompressor.h */ = {isa = PBXFileReference; fileEncoding = 4; lastKnownFileType = sourcecode.c.h; name = ASIDataCompressor.h; path = ASI/ASIDataCompressor.h; sourceTree = "<group>"; };
		B7963E1F14D0B79D0063B03B /* ASIDataCompressor.m */ = {isa = PBXFileReference; fileEncoding = 4; lastKnownFileType = sourcecode.c.objc; name = ASIDataCompressor.m; path = ASI/ASIDataCompressor.m; sourceTree = "<group>"; };
		B7963E2014D0B79D0063B03B /* ASIDataDecompressor.h */ = {isa = PBXFileReference; fileEncoding = 4; lastKnownFileType = sourcecode.c.h; name = ASIDataDecompressor.h; path = ASI/ASIDataDecompressor.h; sourceTree = "<group>"; };
		B7963E2114D0B79D0063B03B /* ASIDataDecompressor.m */ = {isa = PBXFileReference; fileEncoding = 4; lastKnownFileType = sourcecode.c.objc; name = ASIDataDecompressor.m; path = ASI/ASIDataDecompressor.m; sourceTree = "<group>"; };
		B7963E2214D0B79D0063B03B /* ASIDownloadCache.h */ = {isa = PBXFileReference; fileEncoding = 4; lastKnownFileType = sourcecode.c.h; name = ASIDownloadCache.h; path = ASI/ASIDownloadCache.h; sourceTree = "<group>"; };
		B7963E2314D0B79D0063B03B /* ASIDownloadCache.m */ = {isa = PBXFileReference; fileEncoding = 4; lastKnownFileType = sourcecode.c.objc; name = ASIDownloadCache.m; path = ASI/ASIDownloadCache.m; sourceTree = "<group>"; };
		B7963E2414D0B79D0063B03B /* ASIFormDataRequest.h */ = {isa = PBXFileReference; fileEncoding = 4; lastKnownFileType = sourcecode.c.h; name = ASIFormDataRequest.h; path = ASI/ASIFormDataRequest.h; sourceTree = "<group>"; };
		B7963E2514D0B79D0063B03B /* ASIFormDataRequest.m */ = {isa = PBXFileReference; fileEncoding = 4; lastKnownFileType = sourcecode.c.objc; name = ASIFormDataRequest.m; path = ASI/ASIFormDataRequest.m; sourceTree = "<group>"; };
		B7963E2614D0B79D0063B03B /* ASIHTTPRequest.h */ = {isa = PBXFileReference; fileEncoding = 4; lastKnownFileType = sourcecode.c.h; name = ASIHTTPRequest.h; path = ASI/ASIHTTPRequest.h; sourceTree = "<group>"; };
		B7963E2714D0B79D0063B03B /* ASIHTTPRequest.m */ = {isa = PBXFileReference; fileEncoding = 4; lastKnownFileType = sourcecode.c.objc; name = ASIHTTPRequest.m; path = ASI/ASIHTTPRequest.m; sourceTree = "<group>"; };
		B7963E2814D0B79D0063B03B /* ASIHTTPRequestConfig.h */ = {isa = PBXFileReference; fileEncoding = 4; lastKnownFileType = sourcecode.c.h; name = ASIHTTPRequestConfig.h; path = ASI/ASIHTTPRequestConfig.h; sourceTree = "<group>"; };
		B7963E2914D0B79D0063B03B /* ASIHTTPRequestDelegate.h */ = {isa = PBXFileReference; fileEncoding = 4; lastKnownFileType = sourcecode.c.h; name = ASIHTTPRequestDelegate.h; path = ASI/ASIHTTPRequestDelegate.h; sourceTree = "<group>"; };
		B7963E2A14D0B79D0063B03B /* ASIInputStream.h */ = {isa = PBXFileReference; fileEncoding = 4; lastKnownFileType = sourcecode.c.h; name = ASIInputStream.h; path = ASI/ASIInputStream.h; sourceTree = "<group>"; };
		B7963E2B14D0B79D0063B03B /* ASIInputStream.m */ = {isa = PBXFileReference; fileEncoding = 4; lastKnownFileType = sourcecode.c.objc; name = ASIInputStream.m; path = ASI/ASIInputStream.m; sourceTree = "<group>"; };
		B7963E2C14D0B79D0063B03B /* ASINetworkQueue.h */ = {isa = PBXFileReference; fileEncoding = 4; lastKnownFileType = sourcecode.c.h; name = ASINetworkQueue.h; path = ASI/ASINetworkQueue.h; sourceTree = "<group>"; };
		B7963E2D14D0B79D0063B03B /* ASINetworkQueue.m */ = {isa = PBXFileReference; fileEncoding = 4; lastKnownFileType = sourcecode.c.objc; name = ASINetworkQueue.m; path = ASI/ASINetworkQueue.m; sourceTree = "<group>"; };
		B7963E2E14D0B79D0063B03B /* ASIProgressDelegate.h */ = {isa = PBXFileReference; fileEncoding = 4; lastKnownFileType = sourcecode.c.h; name = ASIProgressDelegate.h; path = ASI/ASIProgressDelegate.h; sourceTree = "<group>"; };
		B7963E3814D0B7B60063B03B /* Reachability.h */ = {isa = PBXFileReference; fileEncoding = 4; lastKnownFileType = sourcecode.c.h; name = Reachability.h; path = ASI/Reachability/Reachability.h; sourceTree = "<group>"; };
		B7963E3914D0B7B60063B03B /* Reachability.m */ = {isa = PBXFileReference; fileEncoding = 4; lastKnownFileType = sourcecode.c.objc; name = Reachability.m; path = ASI/Reachability/Reachability.m; sourceTree = "<group>"; };
		B7963E3B14D0B7ED0063B03B /* attend.png */ = {isa = PBXFileReference; lastKnownFileType = image.png; name = attend.png; path = images/attend.png; sourceTree = "<group>"; };
		B7963E3C14D0B7ED0063B03B /* cellbg.png */ = {isa = PBXFileReference; lastKnownFileType = image.png; name = cellbg.png; path = images/cellbg.png; sourceTree = "<group>"; };
		B7963E3D14D0B7ED0063B03B /* cellframe.png */ = {isa = PBXFileReference; lastKnownFileType = image.png; name = cellframe.png; path = images/cellframe.png; sourceTree = "<group>"; };
		B7963E3F14D0B7ED0063B03B /* clubmaster_logo114x114.png */ = {isa = PBXFileReference; lastKnownFileType = image.png; name = clubmaster_logo114x114.png; path = images/clubmaster_logo114x114.png; sourceTree = "<group>"; };
		B7963E4014D0B7ED0063B03B /* clubmaster_logo57x57.png */ = {isa = PBXFileReference; lastKnownFileType = image.png; name = clubmaster_logo57x57.png; path = images/clubmaster_logo57x57.png; sourceTree = "<group>"; };
		B7963E4114D0B7ED0063B03B /* events.png */ = {isa = PBXFileReference; lastKnownFileType = image.png; name = events.png; path = images/events.png; sourceTree = "<group>"; };
		B7963E4214D0B7ED0063B03B /* registrations.png */ = {isa = PBXFileReference; lastKnownFileType = image.png; name = registrations.png; path = images/registrations.png; sourceTree = "<group>"; };
		B7963E4314D0B7ED0063B03B /* settings.png */ = {isa = PBXFileReference; lastKnownFileType = image.png; name = settings.png; path = images/settings.png; sourceTree = "<group>"; };
		B7A13B2C14D730E400BBB642 /* clubmaster_logo_320x314.png */ = {isa = PBXFileReference; lastKnownFileType = image.png; path = clubmaster_logo_320x314.png; sourceTree = "<group>"; };
		B7A13B2F14D7339C00BBB642 /* unattend.png */ = {isa = PBXFileReference; lastKnownFileType = image.png; path = unattend.png; sourceTree = "<group>"; };
		B7A7D8C414E46B2B0085A9FB /* FindEventViewController.h */ = {isa = PBXFileReference; fileEncoding = 4; lastKnownFileType = sourcecode.c.h; path = FindEventViewController.h; sourceTree = "<group>"; };
		B7A7D8C514E46B2C0085A9FB /* FindEventViewController.m */ = {isa = PBXFileReference; fileEncoding = 4; lastKnownFileType = sourcecode.c.objc; path = FindEventViewController.m; sourceTree = "<group>"; };
		B7A7D8C614E46B2D0085A9FB /* FindEventViewController.xib */ = {isa = PBXFileReference; fileEncoding = 4; lastKnownFileType = file.xib; path = FindEventViewController.xib; sourceTree = "<group>"; };
		B7CB1A1B1472C3F6002BB32D /* ClubMaster.app */ = {isa = PBXFileReference; explicitFileType = wrapper.application; includeInIndex = 0; path = ClubMaster.app; sourceTree = BUILT_PRODUCTS_DIR; };
		B7CB1A1F1472C3F6002BB32D /* UIKit.framework */ = {isa = PBXFileReference; lastKnownFileType = wrapper.framework; name = UIKit.framework; path = System/Library/Frameworks/UIKit.framework; sourceTree = SDKROOT; };
		B7CB1A211472C3F6002BB32D /* Foundation.framework */ = {isa = PBXFileReference; lastKnownFileType = wrapper.framework; name = Foundation.framework; path = System/Library/Frameworks/Foundation.framework; sourceTree = SDKROOT; };
		B7CB1A231472C3F6002BB32D /* CoreGraphics.framework */ = {isa = PBXFileReference; lastKnownFileType = wrapper.framework; name = CoreGraphics.framework; path = System/Library/Frameworks/CoreGraphics.framework; sourceTree = SDKROOT; };
		B7CB1A271472C3F6002BB32D /* ClubMaster-Info.plist */ = {isa = PBXFileReference; lastKnownFileType = text.plist.xml; path = "ClubMaster-Info.plist"; sourceTree = "<group>"; };
		B7CB1A291472C3F6002BB32D /* en */ = {isa = PBXFileReference; lastKnownFileType = text.plist.strings; name = en; path = en.lproj/InfoPlist.strings; sourceTree = "<group>"; };
		B7CB1A2B1472C3F6002BB32D /* main.m */ = {isa = PBXFileReference; lastKnownFileType = sourcecode.c.objc; path = main.m; sourceTree = "<group>"; };
		B7CB1A2D1472C3F6002BB32D /* ClubMaster-Prefix.pch */ = {isa = PBXFileReference; lastKnownFileType = sourcecode.c.h; path = "ClubMaster-Prefix.pch"; sourceTree = "<group>"; };
		B7CB1A2E1472C3F6002BB32D /* AppDelegate.h */ = {isa = PBXFileReference; lastKnownFileType = sourcecode.c.h; path = AppDelegate.h; sourceTree = "<group>"; };
		B7CB1A2F1472C3F6002BB32D /* AppDelegate.m */ = {isa = PBXFileReference; lastKnownFileType = sourcecode.c.objc; path = AppDelegate.m; sourceTree = "<group>"; };
		B7CB1A311472C3F6002BB32D /* MyTrainingViewController.h */ = {isa = PBXFileReference; lastKnownFileType = sourcecode.c.h; path = MyTrainingViewController.h; sourceTree = "<group>"; };
		B7CB1A321472C3F6002BB32D /* MyTrainingViewController.m */ = {isa = PBXFileReference; lastKnownFileType = sourcecode.c.objc; path = MyTrainingViewController.m; sourceTree = "<group>"; };
		B7CB1A381472C3F6002BB32D /* SettingsViewController.h */ = {isa = PBXFileReference; lastKnownFileType = sourcecode.c.h; path = SettingsViewController.h; sourceTree = "<group>"; };
		B7CB1A391472C3F6002BB32D /* SettingsViewController.m */ = {isa = PBXFileReference; lastKnownFileType = sourcecode.c.objc; path = SettingsViewController.m; sourceTree = "<group>"; };
		B7CB1A401472C3F6002BB32D /* en */ = {isa = PBXFileReference; lastKnownFileType = file.xib; name = en; path = en.lproj/MyTrainingViewController.xib; sourceTree = "<group>"; };
		B7CB1A431472C3F6002BB32D /* en */ = {isa = PBXFileReference; lastKnownFileType = file.xib; name = en; path = en.lproj/SettingsViewController.xib; sourceTree = "<group>"; };
		B7F36A081539ADCD00D2C1B2 /* Utils.h */ = {isa = PBXFileReference; fileEncoding = 4; lastKnownFileType = sourcecode.c.h; path = Utils.h; sourceTree = "<group>"; };
		B7F36A091539ADCD00D2C1B2 /* Utils.m */ = {isa = PBXFileReference; fileEncoding = 4; lastKnownFileType = sourcecode.c.objc; path = Utils.m; sourceTree = "<group>"; };
		B7F6F6EE14E409AA00691BFB /* cal.png */ = {isa = PBXFileReference; lastKnownFileType = image.png; path = cal.png; sourceTree = "<group>"; };
		B7F6F70514E4116B00691BFB /* EventKit.framework */ = {isa = PBXFileReference; lastKnownFileType = wrapper.framework; name = EventKit.framework; path = System/Library/Frameworks/EventKit.framework; sourceTree = SDKROOT; };
		B7FB5D5714744D8100100B37 /* MyApp.h */ = {isa = PBXFileReference; fileEncoding = 4; lastKnownFileType = sourcecode.c.h; path = MyApp.h; sourceTree = "<group>"; };
/* End PBXFileReference section */

/* Begin PBXFrameworksBuildPhase section */
		B7CB1A181472C3F6002BB32D /* Frameworks */ = {
			isa = PBXFrameworksBuildPhase;
			buildActionMask = 2147483647;
			files = (
				B7F6F70614E4116B00691BFB /* EventKit.framework in Frameworks */,
				B719CC5D14C3535F00972C7F /* libz.1.2.5.dylib in Frameworks */,
				B7CB1A241472C3F6002BB32D /* CoreGraphics.framework in Frameworks */,
				B719CC5B14C3534600972C7F /* MobileCoreServices.framework in Frameworks */,
				B719CC5914C3533900972C7F /* SystemConfiguration.framework in Frameworks */,
				B719CC5714C3531D00972C7F /* CFNetwork.framework in Frameworks */,
				B7CB1A201472C3F6002BB32D /* UIKit.framework in Frameworks */,
				B7CB1A221472C3F6002BB32D /* Foundation.framework in Frameworks */,
			);
			runOnlyForDeploymentPostprocessing = 0;
		};
/* End PBXFrameworksBuildPhase section */

/* Begin PBXGroup section */
		B77133E014C741A900D8BDA5 /* Images */ = {
			isa = PBXGroup;
			children = (
				B7963E3B14D0B7ED0063B03B /* attend.png */,
				B7F6F6EE14E409AA00691BFB /* cal.png */,
				B7963E3C14D0B7ED0063B03B /* cellbg.png */,
				B7963E3D14D0B7ED0063B03B /* cellframe.png */,
				B7A13B2C14D730E400BBB642 /* clubmaster_logo_320x314.png */,
				B7963E3F14D0B7ED0063B03B /* clubmaster_logo114x114.png */,
				B7963E4014D0B7ED0063B03B /* clubmaster_logo57x57.png */,
				B7963E4114D0B7ED0063B03B /* events.png */,
				B77C159814E05CDC00413341 /* gradient.png */,
				B77C159414E05B1E00413341 /* missing.png */,
				B7963E4214D0B7ED0063B03B /* registrations.png */,
				B7963E4314D0B7ED0063B03B /* settings.png */,
				B7A13B2F14D7339C00BBB642 /* unattend.png */,
			);
			name = Images;
			sourceTree = "<group>";
		};
		B7797C50153A0F740037BF42 /* HUD */ = {
			isa = PBXGroup;
			children = (
				B7797C52153A0F8A0037BF42 /* MBProgressHUD.h */,
				B7797C53153A0F8A0037BF42 /* MBProgressHUD.m */,
			);
			name = HUD;
			sourceTree = "<group>";
		};
		B7963E1414D0B6BD0063B03B /* JSONKit */ = {
			isa = PBXGroup;
			children = (
				B7963E1514D0B6EC0063B03B /* JSONKit.h */,
				B7963E1614D0B6EC0063B03B /* JSONKit.m */,
			);
			name = JSONKit;
			sourceTree = "<group>";
		};
		B7963E1A14D0B7900063B03B /* ASI */ = {
			isa = PBXGroup;
			children = (
				B7963E3714D0B7A90063B03B /* Reachability */,
				B7963E1B14D0B79D0063B03B /* ASIAuthenticationDialog.h */,
				B7963E1C14D0B79D0063B03B /* ASIAuthenticationDialog.m */,
				B7963E1D14D0B79D0063B03B /* ASICacheDelegate.h */,
				B7963E1E14D0B79D0063B03B /* ASIDataCompressor.h */,
				B7963E1F14D0B79D0063B03B /* ASIDataCompressor.m */,
				B7963E2014D0B79D0063B03B /* ASIDataDecompressor.h */,
				B7963E2114D0B79D0063B03B /* ASIDataDecompressor.m */,
				B7963E2214D0B79D0063B03B /* ASIDownloadCache.h */,
				B7963E2314D0B79D0063B03B /* ASIDownloadCache.m */,
				B7963E2414D0B79D0063B03B /* ASIFormDataRequest.h */,
				B7963E2514D0B79D0063B03B /* ASIFormDataRequest.m */,
				B7963E2614D0B79D0063B03B /* ASIHTTPRequest.h */,
				B7963E2714D0B79D0063B03B /* ASIHTTPRequest.m */,
				B7963E2814D0B79D0063B03B /* ASIHTTPRequestConfig.h */,
				B7963E2914D0B79D0063B03B /* ASIHTTPRequestDelegate.h */,
				B7963E2A14D0B79D0063B03B /* ASIInputStream.h */,
				B7963E2B14D0B79D0063B03B /* ASIInputStream.m */,
				B7963E2C14D0B79D0063B03B /* ASINetworkQueue.h */,
				B7963E2D14D0B79D0063B03B /* ASINetworkQueue.m */,
				B7963E2E14D0B79D0063B03B /* ASIProgressDelegate.h */,
			);
			name = ASI;
			sourceTree = "<group>";
		};
		B7963E3714D0B7A90063B03B /* Reachability */ = {
			isa = PBXGroup;
			children = (
				B7963E3814D0B7B60063B03B /* Reachability.h */,
				B7963E3914D0B7B60063B03B /* Reachability.m */,
			);
			name = Reachability;
			sourceTree = "<group>";
		};
		B7CB1A101472C3F5002BB32D = {
			isa = PBXGroup;
			children = (
				B7CB1A251472C3F6002BB32D /* ClubMaster */,
				B7CB1A1E1472C3F6002BB32D /* Frameworks */,
				B7CB1A1C1472C3F6002BB32D /* Products */,
			);
			sourceTree = "<group>";
		};
		B7CB1A1C1472C3F6002BB32D /* Products */ = {
			isa = PBXGroup;
			children = (
				B7CB1A1B1472C3F6002BB32D /* ClubMaster.app */,
			);
			name = Products;
			sourceTree = "<group>";
		};
		B7CB1A1E1472C3F6002BB32D /* Frameworks */ = {
			isa = PBXGroup;
			children = (
				B7F6F70514E4116B00691BFB /* EventKit.framework */,
				B719CC5C14C3535F00972C7F /* libz.1.2.5.dylib */,
				B719CC5A14C3534600972C7F /* MobileCoreServices.framework */,
				B719CC5814C3533900972C7F /* SystemConfiguration.framework */,
				B719CC5614C3531D00972C7F /* CFNetwork.framework */,
				B7CB1A1F1472C3F6002BB32D /* UIKit.framework */,
				B7CB1A211472C3F6002BB32D /* Foundation.framework */,
				B7CB1A231472C3F6002BB32D /* CoreGraphics.framework */,
			);
			name = Frameworks;
			sourceTree = "<group>";
		};
		B7CB1A251472C3F6002BB32D /* ClubMaster */ = {
			isa = PBXGroup;
			children = (
				B7797C50153A0F740037BF42 /* HUD */,
				B7963E1A14D0B7900063B03B /* ASI */,
				B7963E1414D0B6BD0063B03B /* JSONKit */,
				B7CB1A2E1472C3F6002BB32D /* AppDelegate.h */,
				B7CB1A2F1472C3F6002BB32D /* AppDelegate.m */,
				B75E049D1539D71F00C6A500 /* EventTableViewCell.h */,
				B75E049E1539D71F00C6A500 /* EventTableViewCell.m */,
				B7963E0C14D0B60C0063B03B /* EventsViewController.h */,
				B7963E0D14D0B60C0063B03B /* EventsViewController.m */,
				B7A7D8C414E46B2B0085A9FB /* FindEventViewController.h */,
				B7A7D8C514E46B2C0085A9FB /* FindEventViewController.m */,
				B7963DF714D09AC60063B03B /* FindTeamViewController.h */,
				B7963DF814D09AC60063B03B /* FindTeamViewController.m */,
				B7228B5114CCA1D900FCC786 /* ISO8601DateFormatter.h */,
				B7228B5214CCA1D900FCC786 /* ISO8601DateFormatter.m */,
				B719CC2F14C3424A00972C7F /* LoginViewController.h */,
				B719CC3014C3424A00972C7F /* LoginViewController.m */,
				B7CB1A311472C3F6002BB32D /* MyTrainingViewController.h */,
				B7CB1A321472C3F6002BB32D /* MyTrainingViewController.m */,
				B7FB5D5714744D8100100B37 /* MyApp.h */,
				B7CB1A381472C3F6002BB32D /* SettingsViewController.h */,
				B7CB1A391472C3F6002BB32D /* SettingsViewController.m */,
				B7F36A081539ADCD00D2C1B2 /* Utils.h */,
				B7F36A091539ADCD00D2C1B2 /* Utils.m */,
				B710753714C89AC900BB0B66 /* TableCellEventList.h */,
				B710753814C89AC900BB0B66 /* TableCellEventList.m */,
				B710754314C8B27000BB0B66 /* TableCellDetail.h */,
				B710754414C8B27000BB0B66 /* TableCellDetail.m */,
				B7963DE114D07BB70063B03B /* TeamTableViewCell.h */,
				B7963DE214D07BB70063B03B /* TeamTableViewCell.m */,
				B77133E514C756F200D8BDA5 /* ViewTeamViewController.h */,
				B77133E614C756F200D8BDA5 /* ViewTeamViewController.m */,
				B7FB5D5914744D9600100B37 /* XIB files */,
				B7CB1A261472C3F6002BB32D /* Supporting Files */,
			);
			path = ClubMaster;
			sourceTree = "<group>";
		};
		B7CB1A261472C3F6002BB32D /* Supporting Files */ = {
			isa = PBXGroup;
			children = (
				B77133E014C741A900D8BDA5 /* Images */,
				B7CB1A271472C3F6002BB32D /* ClubMaster-Info.plist */,
				B7CB1A281472C3F6002BB32D /* InfoPlist.strings */,
				B7CB1A2B1472C3F6002BB32D /* main.m */,
				B7CB1A2D1472C3F6002BB32D /* ClubMaster-Prefix.pch */,
			);
			name = "Supporting Files";
			sourceTree = "<group>";
		};
		B7FB5D5914744D9600100B37 /* XIB files */ = {
			isa = PBXGroup;
			children = (
				B7963E1814D0B7360063B03B /* EventsViewController.xib */,
				B75E04A11539D7AA00C6A500 /* EventTableViewCell.xib */,
				B7963DF914D09AC60063B03B /* FindTeamViewController.xib */,
				B7A7D8C614E46B2D0085A9FB /* FindEventViewController.xib */,
				B719CC3114C3424A00972C7F /* LoginViewController.xib */,
				B7CB1A3F1472C3F6002BB32D /* MyTrainingViewController.xib */,
				B7CB1A421472C3F6002BB32D /* SettingsViewController.xib */,
				B7963E0814D0B5DA0063B03B /* TeamTableViewCell.xib */,
				B77133E714C756F200D8BDA5 /* ViewTeamViewController.xib */,
			);
			name = "XIB files";
			sourceTree = "<group>";
		};
/* End PBXGroup section */

/* Begin PBXNativeTarget section */
		B7CB1A1A1472C3F6002BB32D /* ClubMaster */ = {
			isa = PBXNativeTarget;
			buildConfigurationList = B7CB1A471472C3F6002BB32D /* Build configuration list for PBXNativeTarget "ClubMaster" */;
			buildPhases = (
				B7CB1A171472C3F6002BB32D /* Sources */,
				B7CB1A181472C3F6002BB32D /* Frameworks */,
				B7CB1A191472C3F6002BB32D /* Resources */,
			);
			buildRules = (
			);
			dependencies = (
			);
			name = ClubMaster;
			productName = ClubMaster;
			productReference = B7CB1A1B1472C3F6002BB32D /* ClubMaster.app */;
			productType = "com.apple.product-type.application";
		};
/* End PBXNativeTarget section */

/* Begin PBXProject section */
		B7CB1A121472C3F5002BB32D /* Project object */ = {
			isa = PBXProject;
			attributes = {
				LastUpgradeCheck = 0430;
				ORGANIZATIONNAME = "WebHouse ApS";
			};
			buildConfigurationList = B7CB1A151472C3F5002BB32D /* Build configuration list for PBXProject "ClubMaster" */;
			compatibilityVersion = "Xcode 3.2";
			developmentRegion = English;
			hasScannedForEncodings = 0;
			knownRegions = (
				en,
			);
			mainGroup = B7CB1A101472C3F5002BB32D;
			productRefGroup = B7CB1A1C1472C3F6002BB32D /* Products */;
			projectDirPath = "";
			projectRoot = "";
			targets = (
				B7CB1A1A1472C3F6002BB32D /* ClubMaster */,
			);
		};
/* End PBXProject section */

/* Begin PBXResourcesBuildPhase section */
		B7CB1A191472C3F6002BB32D /* Resources */ = {
			isa = PBXResourcesBuildPhase;
			buildActionMask = 2147483647;
			files = (
				B7CB1A2A1472C3F6002BB32D /* InfoPlist.strings in Resources */,
				B7CB1A411472C3F6002BB32D /* MyTrainingViewController.xib in Resources */,
				B7CB1A441472C3F6002BB32D /* SettingsViewController.xib in Resources */,
				B719CC3314C3424A00972C7F /* LoginViewController.xib in Resources */,
				B77133E914C756F200D8BDA5 /* ViewTeamViewController.xib in Resources */,
				B7963DFB14D09AC60063B03B /* FindTeamViewController.xib in Resources */,
				B7963E0914D0B5DA0063B03B /* TeamTableViewCell.xib in Resources */,
				B7963E1914D0B7360063B03B /* EventsViewController.xib in Resources */,
				B7963E4414D0B7ED0063B03B /* attend.png in Resources */,
				B7963E4514D0B7ED0063B03B /* cellbg.png in Resources */,
				B7963E4614D0B7ED0063B03B /* cellframe.png in Resources */,
				B7963E4814D0B7ED0063B03B /* clubmaster_logo114x114.png in Resources */,
				B7963E4914D0B7ED0063B03B /* clubmaster_logo57x57.png in Resources */,
				B7963E4A14D0B7ED0063B03B /* events.png in Resources */,
				B7963E4B14D0B7ED0063B03B /* registrations.png in Resources */,
				B7963E4C14D0B7ED0063B03B /* settings.png in Resources */,
				B7A13B2D14D730E400BBB642 /* clubmaster_logo_320x314.png in Resources */,
				B7A13B3014D7339C00BBB642 /* unattend.png in Resources */,
				B77C159514E05B1E00413341 /* missing.png in Resources */,
				B77C159914E05CDC00413341 /* gradient.png in Resources */,
				B7F6F6EF14E409AA00691BFB /* cal.png in Resources */,
				B7A7D8C814E46B2D0085A9FB /* FindEventViewController.xib in Resources */,
				B75E04A21539D7AA00C6A500 /* EventTableViewCell.xib in Resources */,
			);
			runOnlyForDeploymentPostprocessing = 0;
		};
/* End PBXResourcesBuildPhase section */

/* Begin PBXSourcesBuildPhase section */
		B7CB1A171472C3F6002BB32D /* Sources */ = {
			isa = PBXSourcesBuildPhase;
			buildActionMask = 2147483647;
			files = (
				B7E0365A153A140B002813D6 /* MBProgressHUD.m in Sources */,
				B7CB1A2C1472C3F6002BB32D /* main.m in Sources */,
				B7CB1A301472C3F6002BB32D /* AppDelegate.m in Sources */,
				B7CB1A331472C3F6002BB32D /* MyTrainingViewController.m in Sources */,
				B7CB1A3A1472C3F6002BB32D /* SettingsViewController.m in Sources */,
				B719CC3214C3424A00972C7F /* LoginViewController.m in Sources */,
				B77133E814C756F200D8BDA5 /* ViewTeamViewController.m in Sources */,
				B710753914C89AC900BB0B66 /* TableCellEventList.m in Sources */,
				B710754514C8B27000BB0B66 /* TableCellDetail.m in Sources */,
				B7228B5314CCA1D900FCC786 /* ISO8601DateFormatter.m in Sources */,
				B7963DE314D07BB70063B03B /* TeamTableViewCell.m in Sources */,
				B7963DFA14D09AC60063B03B /* FindTeamViewController.m in Sources */,
				B7963E0E14D0B60C0063B03B /* EventsViewController.m in Sources */,
				B7963E1714D0B6EC0063B03B /* JSONKit.m in Sources */,
				B7963E2F14D0B79D0063B03B /* ASIAuthenticationDialog.m in Sources */,
				B7963E3014D0B79D0063B03B /* ASIDataCompressor.m in Sources */,
				B7963E3114D0B79D0063B03B /* ASIDataDecompressor.m in Sources */,
				B7963E3214D0B79D0063B03B /* ASIDownloadCache.m in Sources */,
				B7963E3314D0B79D0063B03B /* ASIFormDataRequest.m in Sources */,
				B7963E3414D0B79D0063B03B /* ASIHTTPRequest.m in Sources */,
				B7963E3514D0B79D0063B03B /* ASIInputStream.m in Sources */,
				B7963E3614D0B79D0063B03B /* ASINetworkQueue.m in Sources */,
				B7963E3A14D0B7B60063B03B /* Reachability.m in Sources */,
				B7A7D8C714E46B2D0085A9FB /* FindEventViewController.m in Sources */,
				B7F36A0A1539ADCD00D2C1B2 /* Utils.m in Sources */,
				B75E049F1539D71F00C6A500 /* EventTableViewCell.m in Sources */,
			);
			runOnlyForDeploymentPostprocessing = 0;
		};
/* End PBXSourcesBuildPhase section */

/* Begin PBXVariantGroup section */
		B7CB1A281472C3F6002BB32D /* InfoPlist.strings */ = {
			isa = PBXVariantGroup;
			children = (
				B7CB1A291472C3F6002BB32D /* en */,
			);
			name = InfoPlist.strings;
			sourceTree = "<group>";
		};
		B7CB1A3F1472C3F6002BB32D /* MyTrainingViewController.xib */ = {
			isa = PBXVariantGroup;
			children = (
				B7CB1A401472C3F6002BB32D /* en */,
			);
			name = MyTrainingViewController.xib;
			sourceTree = "<group>";
		};
		B7CB1A421472C3F6002BB32D /* SettingsViewController.xib */ = {
			isa = PBXVariantGroup;
			children = (
				B7CB1A431472C3F6002BB32D /* en */,
			);
			name = SettingsViewController.xib;
			sourceTree = "<group>";
		};
/* End PBXVariantGroup section */

/* Begin XCBuildConfiguration section */
		B7CB1A451472C3F6002BB32D /* Debug */ = {
			isa = XCBuildConfiguration;
			buildSettings = {
				ALWAYS_SEARCH_USER_PATHS = NO;
				ARCHS = "$(ARCHS_STANDARD_32_BIT)";
				"CODE_SIGN_IDENTITY[sdk=iphoneos*]" = "iPhone Developer";
				COPY_PHASE_STRIP = NO;
				GCC_C_LANGUAGE_STANDARD = gnu99;
				GCC_DYNAMIC_NO_PIC = NO;
				GCC_OPTIMIZATION_LEVEL = 0;
				GCC_PREPROCESSOR_DEFINITIONS = (
					"DEBUG=1",
					"$(inherited)",
				);
				GCC_SYMBOLS_PRIVATE_EXTERN = NO;
				GCC_VERSION = com.apple.compilers.llvm.clang.1_0;
				GCC_WARN_ABOUT_MISSING_PROTOTYPES = YES;
				GCC_WARN_ABOUT_RETURN_TYPE = YES;
				GCC_WARN_UNUSED_VARIABLE = YES;
				IPHONEOS_DEPLOYMENT_TARGET = 4.3;
				SDKROOT = iphoneos;
			};
			name = Debug;
		};
		B7CB1A461472C3F6002BB32D /* Release */ = {
			isa = XCBuildConfiguration;
			buildSettings = {
				ALWAYS_SEARCH_USER_PATHS = NO;
				ARCHS = "$(ARCHS_STANDARD_32_BIT)";
				"CODE_SIGN_IDENTITY[sdk=iphoneos*]" = "iPhone Developer";
				COPY_PHASE_STRIP = YES;
				GCC_C_LANGUAGE_STANDARD = gnu99;
				GCC_VERSION = com.apple.compilers.llvm.clang.1_0;
				GCC_WARN_ABOUT_MISSING_PROTOTYPES = YES;
				GCC_WARN_ABOUT_RETURN_TYPE = YES;
				GCC_WARN_UNUSED_VARIABLE = YES;
				IPHONEOS_DEPLOYMENT_TARGET = 4.3;
				OTHER_CFLAGS = "-DNS_BLOCK_ASSERTIONS=1";
				SDKROOT = iphoneos;
				VALIDATE_PRODUCT = YES;
			};
			name = Release;
		};
		B7CB1A481472C3F6002BB32D /* Debug */ = {
			isa = XCBuildConfiguration;
			buildSettings = {
				GCC_PRECOMPILE_PREFIX_HEADER = YES;
				GCC_PREFIX_HEADER = "ClubMaster/ClubMaster-Prefix.pch";
				INFOPLIST_FILE = "ClubMaster/ClubMaster-Info.plist";
				IPHONEOS_DEPLOYMENT_TARGET = 4.3;
				PRODUCT_NAME = "$(TARGET_NAME)";
				WRAPPER_EXTENSION = app;
			};
			name = Debug;
		};
		B7CB1A491472C3F6002BB32D /* Release */ = {
			isa = XCBuildConfiguration;
			buildSettings = {
				GCC_PRECOMPILE_PREFIX_HEADER = YES;
				GCC_PREFIX_HEADER = "ClubMaster/ClubMaster-Prefix.pch";
				INFOPLIST_FILE = "ClubMaster/ClubMaster-Info.plist";
				IPHONEOS_DEPLOYMENT_TARGET = 4.3;
				PRODUCT_NAME = "$(TARGET_NAME)";
				WRAPPER_EXTENSION = app;
			};
			name = Release;
		};
/* End XCBuildConfiguration section */

/* Begin XCConfigurationList section */
		B7CB1A151472C3F5002BB32D /* Build configuration list for PBXProject "ClubMaster" */ = {
			isa = XCConfigurationList;
			buildConfigurations = (
				B7CB1A451472C3F6002BB32D /* Debug */,
				B7CB1A461472C3F6002BB32D /* Release */,
			);
			defaultConfigurationIsVisible = 0;
			defaultConfigurationName = Release;
		};
		B7CB1A471472C3F6002BB32D /* Build configuration list for PBXNativeTarget "ClubMaster" */ = {
			isa = XCConfigurationList;
			buildConfigurations = (
				B7CB1A481472C3F6002BB32D /* Debug */,
				B7CB1A491472C3F6002BB32D /* Release */,
			);
			defaultConfigurationIsVisible = 0;
			defaultConfigurationName = Release;
		};
/* End XCConfigurationList section */
	};
	rootObject = B7CB1A121472C3F5002BB32D /* Project object */;
}
