// !$*UTF8*$!
{
	archiveVersion = 1;
	classes = {
	};
	objectVersion = 46;
	objects = {

/* Begin PBXBuildFile section */
		B710753914C89AC900BB0B66 /* TableCellEventList.m in Sources */ = {isa = PBXBuildFile; fileRef = B710753814C89AC900BB0B66 /* TableCellEventList.m */; };
		B710754514C8B27000BB0B66 /* TableCellEvent.m in Sources */ = {isa = PBXBuildFile; fileRef = B710754414C8B27000BB0B66 /* TableCellEvent.m */; };
		B719CC3214C3424A00972C7F /* LoginViewController.m in Sources */ = {isa = PBXBuildFile; fileRef = B719CC3014C3424A00972C7F /* LoginViewController.m */; };
		B719CC3314C3424A00972C7F /* LoginViewController.xib in Resources */ = {isa = PBXBuildFile; fileRef = B719CC3114C3424A00972C7F /* LoginViewController.xib */; };
		B719CC4A14C3514200972C7F /* ASIAuthenticationDialog.m in Sources */ = {isa = PBXBuildFile; fileRef = B719CC3714C3514200972C7F /* ASIAuthenticationDialog.m */; };
		B719CC4B14C3514200972C7F /* ASIDataCompressor.m in Sources */ = {isa = PBXBuildFile; fileRef = B719CC3A14C3514200972C7F /* ASIDataCompressor.m */; };
		B719CC4C14C3514200972C7F /* ASIDataDecompressor.m in Sources */ = {isa = PBXBuildFile; fileRef = B719CC3C14C3514200972C7F /* ASIDataDecompressor.m */; };
		B719CC4D14C3514200972C7F /* ASIDownloadCache.m in Sources */ = {isa = PBXBuildFile; fileRef = B719CC3E14C3514200972C7F /* ASIDownloadCache.m */; };
		B719CC4E14C3514200972C7F /* ASIFormDataRequest.m in Sources */ = {isa = PBXBuildFile; fileRef = B719CC4014C3514200972C7F /* ASIFormDataRequest.m */; };
		B719CC4F14C3514200972C7F /* ASIHTTPRequest.m in Sources */ = {isa = PBXBuildFile; fileRef = B719CC4214C3514200972C7F /* ASIHTTPRequest.m */; };
		B719CC5014C3514200972C7F /* ASIInputStream.m in Sources */ = {isa = PBXBuildFile; fileRef = B719CC4614C3514200972C7F /* ASIInputStream.m */; };
		B719CC5114C3514200972C7F /* ASINetworkQueue.m in Sources */ = {isa = PBXBuildFile; fileRef = B719CC4814C3514200972C7F /* ASINetworkQueue.m */; };
		B719CC5514C3515100972C7F /* Reachability.m in Sources */ = {isa = PBXBuildFile; fileRef = B719CC5414C3515100972C7F /* Reachability.m */; };
		B719CC5714C3531D00972C7F /* CFNetwork.framework in Frameworks */ = {isa = PBXBuildFile; fileRef = B719CC5614C3531D00972C7F /* CFNetwork.framework */; };
		B719CC5914C3533900972C7F /* SystemConfiguration.framework in Frameworks */ = {isa = PBXBuildFile; fileRef = B719CC5814C3533900972C7F /* SystemConfiguration.framework */; };
		B719CC5B14C3534600972C7F /* MobileCoreServices.framework in Frameworks */ = {isa = PBXBuildFile; fileRef = B719CC5A14C3534600972C7F /* MobileCoreServices.framework */; };
		B719CC5D14C3535F00972C7F /* libz.1.2.5.dylib in Frameworks */ = {isa = PBXBuildFile; fileRef = B719CC5C14C3535F00972C7F /* libz.1.2.5.dylib */; };
		B75DB3A214CC79F2008193DF /* CoreLocation.framework in Frameworks */ = {isa = PBXBuildFile; fileRef = B75DB3A114CC79F2008193DF /* CoreLocation.framework */; };
		B77133DF14C741A300D8BDA5 /* registrations.png in Resources */ = {isa = PBXBuildFile; fileRef = B77133DE14C741A300D8BDA5 /* registrations.png */; };
		B77133E814C756F200D8BDA5 /* ViewEventViewController.m in Sources */ = {isa = PBXBuildFile; fileRef = B77133E614C756F200D8BDA5 /* ViewEventViewController.m */; };
		B77133E914C756F200D8BDA5 /* ViewEventViewController.xib in Resources */ = {isa = PBXBuildFile; fileRef = B77133E714C756F200D8BDA5 /* ViewEventViewController.xib */; };
		B7CB1A201472C3F6002BB32D /* UIKit.framework in Frameworks */ = {isa = PBXBuildFile; fileRef = B7CB1A1F1472C3F6002BB32D /* UIKit.framework */; };
		B7CB1A221472C3F6002BB32D /* Foundation.framework in Frameworks */ = {isa = PBXBuildFile; fileRef = B7CB1A211472C3F6002BB32D /* Foundation.framework */; };
		B7CB1A241472C3F6002BB32D /* CoreGraphics.framework in Frameworks */ = {isa = PBXBuildFile; fileRef = B7CB1A231472C3F6002BB32D /* CoreGraphics.framework */; };
		B7CB1A2A1472C3F6002BB32D /* InfoPlist.strings in Resources */ = {isa = PBXBuildFile; fileRef = B7CB1A281472C3F6002BB32D /* InfoPlist.strings */; };
		B7CB1A2C1472C3F6002BB32D /* main.m in Sources */ = {isa = PBXBuildFile; fileRef = B7CB1A2B1472C3F6002BB32D /* main.m */; };
		B7CB1A301472C3F6002BB32D /* AppDelegate.m in Sources */ = {isa = PBXBuildFile; fileRef = B7CB1A2F1472C3F6002BB32D /* AppDelegate.m */; };
		B7CB1A331472C3F6002BB32D /* ListRegistrationsViewController.m in Sources */ = {isa = PBXBuildFile; fileRef = B7CB1A321472C3F6002BB32D /* ListRegistrationsViewController.m */; };
		B7CB1A351472C3F6002BB32D /* first.png in Resources */ = {isa = PBXBuildFile; fileRef = B7CB1A341472C3F6002BB32D /* first.png */; };
		B7CB1A371472C3F6002BB32D /* first@2x.png in Resources */ = {isa = PBXBuildFile; fileRef = B7CB1A361472C3F6002BB32D /* first@2x.png */; };
		B7CB1A3A1472C3F6002BB32D /* SettingsViewController.m in Sources */ = {isa = PBXBuildFile; fileRef = B7CB1A391472C3F6002BB32D /* SettingsViewController.m */; };
		B7CB1A3C1472C3F6002BB32D /* second.png in Resources */ = {isa = PBXBuildFile; fileRef = B7CB1A3B1472C3F6002BB32D /* second.png */; };
		B7CB1A3E1472C3F6002BB32D /* second@2x.png in Resources */ = {isa = PBXBuildFile; fileRef = B7CB1A3D1472C3F6002BB32D /* second@2x.png */; };
		B7CB1A411472C3F6002BB32D /* ListRegistrationsViewController.xib in Resources */ = {isa = PBXBuildFile; fileRef = B7CB1A3F1472C3F6002BB32D /* ListRegistrationsViewController.xib */; };
		B7CB1A441472C3F6002BB32D /* SecondViewController.xib in Resources */ = {isa = PBXBuildFile; fileRef = B7CB1A421472C3F6002BB32D /* SecondViewController.xib */; };
		B7E13A8514C4A4300021E9B0 /* JSONKit.m in Sources */ = {isa = PBXBuildFile; fileRef = B7E13A8214C4A4300021E9B0 /* JSONKit.m */; };
		B7E13A8A14C4A4D30021E9B0 /* User.m in Sources */ = {isa = PBXBuildFile; fileRef = B7E13A8914C4A4D30021E9B0 /* User.m */; };
/* End PBXBuildFile section */

/* Begin PBXFileReference section */
		B710753714C89AC900BB0B66 /* TableCellEventList.h */ = {isa = PBXFileReference; fileEncoding = 4; lastKnownFileType = sourcecode.c.h; path = TableCellEventList.h; sourceTree = "<group>"; };
		B710753814C89AC900BB0B66 /* TableCellEventList.m */ = {isa = PBXFileReference; fileEncoding = 4; lastKnownFileType = sourcecode.c.objc; path = TableCellEventList.m; sourceTree = "<group>"; };
		B710754314C8B27000BB0B66 /* TableCellEvent.h */ = {isa = PBXFileReference; fileEncoding = 4; lastKnownFileType = sourcecode.c.h; path = TableCellEvent.h; sourceTree = "<group>"; };
		B710754414C8B27000BB0B66 /* TableCellEvent.m */ = {isa = PBXFileReference; fileEncoding = 4; lastKnownFileType = sourcecode.c.objc; path = TableCellEvent.m; sourceTree = "<group>"; };
		B719CC2F14C3424A00972C7F /* LoginViewController.h */ = {isa = PBXFileReference; fileEncoding = 4; lastKnownFileType = sourcecode.c.h; path = LoginViewController.h; sourceTree = "<group>"; };
		B719CC3014C3424A00972C7F /* LoginViewController.m */ = {isa = PBXFileReference; fileEncoding = 4; lastKnownFileType = sourcecode.c.objc; path = LoginViewController.m; sourceTree = "<group>"; };
		B719CC3114C3424A00972C7F /* LoginViewController.xib */ = {isa = PBXFileReference; fileEncoding = 4; lastKnownFileType = file.xib; path = LoginViewController.xib; sourceTree = "<group>"; };
		B719CC3614C3514200972C7F /* ASIAuthenticationDialog.h */ = {isa = PBXFileReference; fileEncoding = 4; lastKnownFileType = sourcecode.c.h; path = ASIAuthenticationDialog.h; sourceTree = "<group>"; };
		B719CC3714C3514200972C7F /* ASIAuthenticationDialog.m */ = {isa = PBXFileReference; fileEncoding = 4; lastKnownFileType = sourcecode.c.objc; path = ASIAuthenticationDialog.m; sourceTree = "<group>"; };
		B719CC3814C3514200972C7F /* ASICacheDelegate.h */ = {isa = PBXFileReference; fileEncoding = 4; lastKnownFileType = sourcecode.c.h; path = ASICacheDelegate.h; sourceTree = "<group>"; };
		B719CC3914C3514200972C7F /* ASIDataCompressor.h */ = {isa = PBXFileReference; fileEncoding = 4; lastKnownFileType = sourcecode.c.h; path = ASIDataCompressor.h; sourceTree = "<group>"; };
		B719CC3A14C3514200972C7F /* ASIDataCompressor.m */ = {isa = PBXFileReference; fileEncoding = 4; lastKnownFileType = sourcecode.c.objc; path = ASIDataCompressor.m; sourceTree = "<group>"; };
		B719CC3B14C3514200972C7F /* ASIDataDecompressor.h */ = {isa = PBXFileReference; fileEncoding = 4; lastKnownFileType = sourcecode.c.h; path = ASIDataDecompressor.h; sourceTree = "<group>"; };
		B719CC3C14C3514200972C7F /* ASIDataDecompressor.m */ = {isa = PBXFileReference; fileEncoding = 4; lastKnownFileType = sourcecode.c.objc; path = ASIDataDecompressor.m; sourceTree = "<group>"; };
		B719CC3D14C3514200972C7F /* ASIDownloadCache.h */ = {isa = PBXFileReference; fileEncoding = 4; lastKnownFileType = sourcecode.c.h; path = ASIDownloadCache.h; sourceTree = "<group>"; };
		B719CC3E14C3514200972C7F /* ASIDownloadCache.m */ = {isa = PBXFileReference; fileEncoding = 4; lastKnownFileType = sourcecode.c.objc; path = ASIDownloadCache.m; sourceTree = "<group>"; };
		B719CC3F14C3514200972C7F /* ASIFormDataRequest.h */ = {isa = PBXFileReference; fileEncoding = 4; lastKnownFileType = sourcecode.c.h; path = ASIFormDataRequest.h; sourceTree = "<group>"; };
		B719CC4014C3514200972C7F /* ASIFormDataRequest.m */ = {isa = PBXFileReference; fileEncoding = 4; lastKnownFileType = sourcecode.c.objc; path = ASIFormDataRequest.m; sourceTree = "<group>"; };
		B719CC4114C3514200972C7F /* ASIHTTPRequest.h */ = {isa = PBXFileReference; fileEncoding = 4; lastKnownFileType = sourcecode.c.h; path = ASIHTTPRequest.h; sourceTree = "<group>"; };
		B719CC4214C3514200972C7F /* ASIHTTPRequest.m */ = {isa = PBXFileReference; fileEncoding = 4; lastKnownFileType = sourcecode.c.objc; path = ASIHTTPRequest.m; sourceTree = "<group>"; };
		B719CC4314C3514200972C7F /* ASIHTTPRequestConfig.h */ = {isa = PBXFileReference; fileEncoding = 4; lastKnownFileType = sourcecode.c.h; path = ASIHTTPRequestConfig.h; sourceTree = "<group>"; };
		B719CC4414C3514200972C7F /* ASIHTTPRequestDelegate.h */ = {isa = PBXFileReference; fileEncoding = 4; lastKnownFileType = sourcecode.c.h; path = ASIHTTPRequestDelegate.h; sourceTree = "<group>"; };
		B719CC4514C3514200972C7F /* ASIInputStream.h */ = {isa = PBXFileReference; fileEncoding = 4; lastKnownFileType = sourcecode.c.h; path = ASIInputStream.h; sourceTree = "<group>"; };
		B719CC4614C3514200972C7F /* ASIInputStream.m */ = {isa = PBXFileReference; fileEncoding = 4; lastKnownFileType = sourcecode.c.objc; path = ASIInputStream.m; sourceTree = "<group>"; };
		B719CC4714C3514200972C7F /* ASINetworkQueue.h */ = {isa = PBXFileReference; fileEncoding = 4; lastKnownFileType = sourcecode.c.h; path = ASINetworkQueue.h; sourceTree = "<group>"; };
		B719CC4814C3514200972C7F /* ASINetworkQueue.m */ = {isa = PBXFileReference; fileEncoding = 4; lastKnownFileType = sourcecode.c.objc; path = ASINetworkQueue.m; sourceTree = "<group>"; };
		B719CC4914C3514200972C7F /* ASIProgressDelegate.h */ = {isa = PBXFileReference; fileEncoding = 4; lastKnownFileType = sourcecode.c.h; path = ASIProgressDelegate.h; sourceTree = "<group>"; };
		B719CC5314C3515100972C7F /* Reachability.h */ = {isa = PBXFileReference; fileEncoding = 4; lastKnownFileType = sourcecode.c.h; path = Reachability.h; sourceTree = "<group>"; };
		B719CC5414C3515100972C7F /* Reachability.m */ = {isa = PBXFileReference; fileEncoding = 4; lastKnownFileType = sourcecode.c.objc; path = Reachability.m; sourceTree = "<group>"; };
		B719CC5614C3531D00972C7F /* CFNetwork.framework */ = {isa = PBXFileReference; lastKnownFileType = wrapper.framework; name = CFNetwork.framework; path = System/Library/Frameworks/CFNetwork.framework; sourceTree = SDKROOT; };
		B719CC5814C3533900972C7F /* SystemConfiguration.framework */ = {isa = PBXFileReference; lastKnownFileType = wrapper.framework; name = SystemConfiguration.framework; path = System/Library/Frameworks/SystemConfiguration.framework; sourceTree = SDKROOT; };
		B719CC5A14C3534600972C7F /* MobileCoreServices.framework */ = {isa = PBXFileReference; lastKnownFileType = wrapper.framework; name = MobileCoreServices.framework; path = System/Library/Frameworks/MobileCoreServices.framework; sourceTree = SDKROOT; };
		B719CC5C14C3535F00972C7F /* libz.1.2.5.dylib */ = {isa = PBXFileReference; lastKnownFileType = "compiled.mach-o.dylib"; name = libz.1.2.5.dylib; path = usr/lib/libz.1.2.5.dylib; sourceTree = SDKROOT; };
		B75DB3A114CC79F2008193DF /* CoreLocation.framework */ = {isa = PBXFileReference; lastKnownFileType = wrapper.framework; name = CoreLocation.framework; path = System/Library/Frameworks/CoreLocation.framework; sourceTree = SDKROOT; };
		B77133DE14C741A300D8BDA5 /* registrations.png */ = {isa = PBXFileReference; lastKnownFileType = image.png; path = registrations.png; sourceTree = "<group>"; };
		B77133E514C756F200D8BDA5 /* ViewEventViewController.h */ = {isa = PBXFileReference; fileEncoding = 4; lastKnownFileType = sourcecode.c.h; path = ViewEventViewController.h; sourceTree = "<group>"; };
		B77133E614C756F200D8BDA5 /* ViewEventViewController.m */ = {isa = PBXFileReference; fileEncoding = 4; lastKnownFileType = sourcecode.c.objc; path = ViewEventViewController.m; sourceTree = "<group>"; };
		B77133E714C756F200D8BDA5 /* ViewEventViewController.xib */ = {isa = PBXFileReference; fileEncoding = 4; lastKnownFileType = file.xib; path = ViewEventViewController.xib; sourceTree = "<group>"; };
		B7CB1A1B1472C3F6002BB32D /* ClubMaster.app */ = {isa = PBXFileReference; explicitFileType = wrapper.application; includeInIndex = 0; path = ClubMaster.app; sourceTree = BUILT_PRODUCTS_DIR; };
		B7CB1A1F1472C3F6002BB32D /* UIKit.framework */ = {isa = PBXFileReference; lastKnownFileType = wrapper.framework; name = UIKit.framework; path = System/Library/Frameworks/UIKit.framework; sourceTree = SDKROOT; };
		B7CB1A211472C3F6002BB32D /* Foundation.framework */ = {isa = PBXFileReference; lastKnownFileType = wrapper.framework; name = Foundation.framework; path = System/Library/Frameworks/Foundation.framework; sourceTree = SDKROOT; };
		B7CB1A231472C3F6002BB32D /* CoreGraphics.framework */ = {isa = PBXFileReference; lastKnownFileType = wrapper.framework; name = CoreGraphics.framework; path = System/Library/Frameworks/CoreGraphics.framework; sourceTree = SDKROOT; };
		B7CB1A271472C3F6002BB32D /* ClubMaster-Info.plist */ = {isa = PBXFileReference; lastKnownFileType = text.plist.xml; path = "ClubMaster-Info.plist"; sourceTree = "<group>"; };
		B7CB1A291472C3F6002BB32D /* en */ = {isa = PBXFileReference; lastKnownFileType = text.plist.strings; name = en; path = en.lproj/InfoPlist.strings; sourceTree = "<group>"; };
		B7CB1A2B1472C3F6002BB32D /* main.m */ = {isa = PBXFileReference; lastKnownFileType = sourcecode.c.objc; path = main.m; sourceTree = "<group>"; };
		B7CB1A2D1472C3F6002BB32D /* ClubMaster-Prefix.pch */ = {isa = PBXFileReference; lastKnownFileType = sourcecode.c.h; path = "ClubMaster-Prefix.pch"; sourceTree = "<group>"; };
		B7CB1A2E1472C3F6002BB32D /* AppDelegate.h */ = {isa = PBXFileReference; lastKnownFileType = sourcecode.c.h; path = AppDelegate.h; sourceTree = "<group>"; };
		B7CB1A2F1472C3F6002BB32D /* AppDelegate.m */ = {isa = PBXFileReference; lastKnownFileType = sourcecode.c.objc; path = AppDelegate.m; sourceTree = "<group>"; };
		B7CB1A311472C3F6002BB32D /* ListRegistrationsViewController.h */ = {isa = PBXFileReference; lastKnownFileType = sourcecode.c.h; path = ListRegistrationsViewController.h; sourceTree = "<group>"; };
		B7CB1A321472C3F6002BB32D /* ListRegistrationsViewController.m */ = {isa = PBXFileReference; lastKnownFileType = sourcecode.c.objc; path = ListRegistrationsViewController.m; sourceTree = "<group>"; };
		B7CB1A341472C3F6002BB32D /* first.png */ = {isa = PBXFileReference; lastKnownFileType = image.png; path = first.png; sourceTree = "<group>"; };
		B7CB1A361472C3F6002BB32D /* first@2x.png */ = {isa = PBXFileReference; lastKnownFileType = image.png; path = "first@2x.png"; sourceTree = "<group>"; };
		B7CB1A381472C3F6002BB32D /* SettingsViewController.h */ = {isa = PBXFileReference; lastKnownFileType = sourcecode.c.h; path = SettingsViewController.h; sourceTree = "<group>"; };
		B7CB1A391472C3F6002BB32D /* SettingsViewController.m */ = {isa = PBXFileReference; lastKnownFileType = sourcecode.c.objc; path = SettingsViewController.m; sourceTree = "<group>"; };
		B7CB1A3B1472C3F6002BB32D /* second.png */ = {isa = PBXFileReference; lastKnownFileType = image.png; path = second.png; sourceTree = "<group>"; };
		B7CB1A3D1472C3F6002BB32D /* second@2x.png */ = {isa = PBXFileReference; lastKnownFileType = image.png; path = "second@2x.png"; sourceTree = "<group>"; };
		B7CB1A401472C3F6002BB32D /* en */ = {isa = PBXFileReference; lastKnownFileType = file.xib; name = en; path = en.lproj/ListRegistrationsViewController.xib; sourceTree = "<group>"; };
		B7CB1A431472C3F6002BB32D /* en */ = {isa = PBXFileReference; lastKnownFileType = file.xib; name = en; path = en.lproj/SecondViewController.xib; sourceTree = "<group>"; };
		B7E13A8114C4A4300021E9B0 /* JSONKit.h */ = {isa = PBXFileReference; fileEncoding = 4; lastKnownFileType = sourcecode.c.h; path = JSONKit.h; sourceTree = "<group>"; };
		B7E13A8214C4A4300021E9B0 /* JSONKit.m */ = {isa = PBXFileReference; fileEncoding = 4; lastKnownFileType = sourcecode.c.objc; path = JSONKit.m; sourceTree = "<group>"; };
		B7E13A8814C4A4D30021E9B0 /* User.h */ = {isa = PBXFileReference; fileEncoding = 4; lastKnownFileType = sourcecode.c.h; name = User.h; path = ../User.h; sourceTree = "<group>"; };
		B7E13A8914C4A4D30021E9B0 /* User.m */ = {isa = PBXFileReference; fileEncoding = 4; lastKnownFileType = sourcecode.c.objc; name = User.m; path = ../User.m; sourceTree = "<group>"; };
		B7FB5D5714744D8100100B37 /* MyApp.h */ = {isa = PBXFileReference; fileEncoding = 4; lastKnownFileType = sourcecode.c.h; path = MyApp.h; sourceTree = "<group>"; };
/* End PBXFileReference section */

/* Begin PBXFrameworksBuildPhase section */
		B7CB1A181472C3F6002BB32D /* Frameworks */ = {
			isa = PBXFrameworksBuildPhase;
			buildActionMask = 2147483647;
			files = (
				B75DB3A214CC79F2008193DF /* CoreLocation.framework in Frameworks */,
				B719CC5D14C3535F00972C7F /* libz.1.2.5.dylib in Frameworks */,
				B7CB1A241472C3F6002BB32D /* CoreGraphics.framework in Frameworks */,
				B719CC5B14C3534600972C7F /* MobileCoreServices.framework in Frameworks */,
				B719CC5914C3533900972C7F /* SystemConfiguration.framework in Frameworks */,
				B719CC5714C3531D00972C7F /* CFNetwork.framework in Frameworks */,
				B7CB1A201472C3F6002BB32D /* UIKit.framework in Frameworks */,
				B7CB1A221472C3F6002BB32D /* Foundation.framework in Frameworks */,
			);
			runOnlyForDeploymentPostprocessing = 0;
		};
/* End PBXFrameworksBuildPhase section */

/* Begin PBXGroup section */
		B719CC3514C3512E00972C7F /* ASI */ = {
			isa = PBXGroup;
			children = (
				B719CC5214C3515100972C7F /* Reachability */,
				B719CC3614C3514200972C7F /* ASIAuthenticationDialog.h */,
				B719CC3714C3514200972C7F /* ASIAuthenticationDialog.m */,
				B719CC3814C3514200972C7F /* ASICacheDelegate.h */,
				B719CC3914C3514200972C7F /* ASIDataCompressor.h */,
				B719CC3A14C3514200972C7F /* ASIDataCompressor.m */,
				B719CC3B14C3514200972C7F /* ASIDataDecompressor.h */,
				B719CC3C14C3514200972C7F /* ASIDataDecompressor.m */,
				B719CC3D14C3514200972C7F /* ASIDownloadCache.h */,
				B719CC3E14C3514200972C7F /* ASIDownloadCache.m */,
				B719CC3F14C3514200972C7F /* ASIFormDataRequest.h */,
				B719CC4014C3514200972C7F /* ASIFormDataRequest.m */,
				B719CC4114C3514200972C7F /* ASIHTTPRequest.h */,
				B719CC4214C3514200972C7F /* ASIHTTPRequest.m */,
				B719CC4314C3514200972C7F /* ASIHTTPRequestConfig.h */,
				B719CC4414C3514200972C7F /* ASIHTTPRequestDelegate.h */,
				B719CC4514C3514200972C7F /* ASIInputStream.h */,
				B719CC4614C3514200972C7F /* ASIInputStream.m */,
				B719CC4714C3514200972C7F /* ASINetworkQueue.h */,
				B719CC4814C3514200972C7F /* ASINetworkQueue.m */,
				B719CC4914C3514200972C7F /* ASIProgressDelegate.h */,
			);
			name = ASI;
			sourceTree = "<group>";
		};
		B719CC5214C3515100972C7F /* Reachability */ = {
			isa = PBXGroup;
			children = (
				B719CC5314C3515100972C7F /* Reachability.h */,
				B719CC5414C3515100972C7F /* Reachability.m */,
			);
			path = Reachability;
			sourceTree = "<group>";
		};
		B77133E014C741A900D8BDA5 /* Images */ = {
			isa = PBXGroup;
			children = (
				B7CB1A341472C3F6002BB32D /* first.png */,
				B7CB1A361472C3F6002BB32D /* first@2x.png */,
				B7CB1A3B1472C3F6002BB32D /* second.png */,
				B7CB1A3D1472C3F6002BB32D /* second@2x.png */,
				B77133DE14C741A300D8BDA5 /* registrations.png */,
			);
			name = Images;
			sourceTree = "<group>";
		};
		B7CB1A101472C3F5002BB32D = {
			isa = PBXGroup;
			children = (
				B75DB3A114CC79F2008193DF /* CoreLocation.framework */,
				B7CB1A251472C3F6002BB32D /* ClubMaster */,
				B7CB1A1E1472C3F6002BB32D /* Frameworks */,
				B7CB1A1C1472C3F6002BB32D /* Products */,
			);
			sourceTree = "<group>";
		};
		B7CB1A1C1472C3F6002BB32D /* Products */ = {
			isa = PBXGroup;
			children = (
				B7CB1A1B1472C3F6002BB32D /* ClubMaster.app */,
			);
			name = Products;
			sourceTree = "<group>";
		};
		B7CB1A1E1472C3F6002BB32D /* Frameworks */ = {
			isa = PBXGroup;
			children = (
				B719CC5C14C3535F00972C7F /* libz.1.2.5.dylib */,
				B719CC5A14C3534600972C7F /* MobileCoreServices.framework */,
				B719CC5814C3533900972C7F /* SystemConfiguration.framework */,
				B719CC5614C3531D00972C7F /* CFNetwork.framework */,
				B7CB1A1F1472C3F6002BB32D /* UIKit.framework */,
				B7CB1A211472C3F6002BB32D /* Foundation.framework */,
				B7CB1A231472C3F6002BB32D /* CoreGraphics.framework */,
			);
			name = Frameworks;
			sourceTree = "<group>";
		};
		B7CB1A251472C3F6002BB32D /* ClubMaster */ = {
			isa = PBXGroup;
			children = (
				B7E13A7F14C4A4300021E9B0 /* JSONKit */,
				B719CC3514C3512E00972C7F /* ASI */,
				B7CB1A2E1472C3F6002BB32D /* AppDelegate.h */,
				B7CB1A2F1472C3F6002BB32D /* AppDelegate.m */,
				B7CB1A311472C3F6002BB32D /* ListRegistrationsViewController.h */,
				B7CB1A321472C3F6002BB32D /* ListRegistrationsViewController.m */,
				B719CC2F14C3424A00972C7F /* LoginViewController.h */,
				B719CC3014C3424A00972C7F /* LoginViewController.m */,
				B7FB5D5714744D8100100B37 /* MyApp.h */,
				B7CB1A381472C3F6002BB32D /* SettingsViewController.h */,
				B7CB1A391472C3F6002BB32D /* SettingsViewController.m */,
				B710753714C89AC900BB0B66 /* TableCellEventList.h */,
				B710753814C89AC900BB0B66 /* TableCellEventList.m */,
				B710754314C8B27000BB0B66 /* TableCellEvent.h */,
				B710754414C8B27000BB0B66 /* TableCellEvent.m */,
				B7E13A8814C4A4D30021E9B0 /* User.h */,
				B7E13A8914C4A4D30021E9B0 /* User.m */,
				B77133E514C756F200D8BDA5 /* ViewEventViewController.h */,
				B77133E614C756F200D8BDA5 /* ViewEventViewController.m */,
				B7FB5D5914744D9600100B37 /* XIB files */,
				B7CB1A261472C3F6002BB32D /* Supporting Files */,
			);
			path = ClubMaster;
			sourceTree = "<group>";
		};
		B7CB1A261472C3F6002BB32D /* Supporting Files */ = {
			isa = PBXGroup;
			children = (
				B77133E014C741A900D8BDA5 /* Images */,
				B7CB1A271472C3F6002BB32D /* ClubMaster-Info.plist */,
				B7CB1A281472C3F6002BB32D /* InfoPlist.strings */,
				B7CB1A2B1472C3F6002BB32D /* main.m */,
				B7CB1A2D1472C3F6002BB32D /* ClubMaster-Prefix.pch */,
			);
			name = "Supporting Files";
			sourceTree = "<group>";
		};
		B7E13A7F14C4A4300021E9B0 /* JSONKit */ = {
			isa = PBXGroup;
			children = (
				B7E13A8114C4A4300021E9B0 /* JSONKit.h */,
				B7E13A8214C4A4300021E9B0 /* JSONKit.m */,
			);
			name = JSONKit;
			path = "johnezang-JSONKit-0aff3de";
			sourceTree = "<group>";
		};
		B7FB5D5914744D9600100B37 /* XIB files */ = {
			isa = PBXGroup;
			children = (
				B719CC3114C3424A00972C7F /* LoginViewController.xib */,
				B7CB1A3F1472C3F6002BB32D /* ListRegistrationsViewController.xib */,
				B7CB1A421472C3F6002BB32D /* SecondViewController.xib */,
				B77133E714C756F200D8BDA5 /* ViewEventViewController.xib */,
			);
			name = "XIB files";
			sourceTree = "<group>";
		};
/* End PBXGroup section */

/* Begin PBXNativeTarget section */
		B7CB1A1A1472C3F6002BB32D /* ClubMaster */ = {
			isa = PBXNativeTarget;
			buildConfigurationList = B7CB1A471472C3F6002BB32D /* Build configuration list for PBXNativeTarget "ClubMaster" */;
			buildPhases = (
				B7CB1A171472C3F6002BB32D /* Sources */,
				B7CB1A181472C3F6002BB32D /* Frameworks */,
				B7CB1A191472C3F6002BB32D /* Resources */,
			);
			buildRules = (
			);
			dependencies = (
			);
			name = ClubMaster;
			productName = ClubMaster;
			productReference = B7CB1A1B1472C3F6002BB32D /* ClubMaster.app */;
			productType = "com.apple.product-type.application";
		};
/* End PBXNativeTarget section */

/* Begin PBXProject section */
		B7CB1A121472C3F5002BB32D /* Project object */ = {
			isa = PBXProject;
			attributes = {
				LastUpgradeCheck = 0420;
				ORGANIZATIONNAME = "WebHouse ApS";
			};
			buildConfigurationList = B7CB1A151472C3F5002BB32D /* Build configuration list for PBXProject "ClubMaster" */;
			compatibilityVersion = "Xcode 3.2";
			developmentRegion = English;
			hasScannedForEncodings = 0;
			knownRegions = (
				en,
			);
			mainGroup = B7CB1A101472C3F5002BB32D;
			productRefGroup = B7CB1A1C1472C3F6002BB32D /* Products */;
			projectDirPath = "";
			projectRoot = "";
			targets = (
				B7CB1A1A1472C3F6002BB32D /* ClubMaster */,
			);
		};
/* End PBXProject section */

/* Begin PBXResourcesBuildPhase section */
		B7CB1A191472C3F6002BB32D /* Resources */ = {
			isa = PBXResourcesBuildPhase;
			buildActionMask = 2147483647;
			files = (
				B7CB1A2A1472C3F6002BB32D /* InfoPlist.strings in Resources */,
				B7CB1A351472C3F6002BB32D /* first.png in Resources */,
				B7CB1A371472C3F6002BB32D /* first@2x.png in Resources */,
				B7CB1A3C1472C3F6002BB32D /* second.png in Resources */,
				B7CB1A3E1472C3F6002BB32D /* second@2x.png in Resources */,
				B7CB1A411472C3F6002BB32D /* ListRegistrationsViewController.xib in Resources */,
				B7CB1A441472C3F6002BB32D /* SecondViewController.xib in Resources */,
				B719CC3314C3424A00972C7F /* LoginViewController.xib in Resources */,
				B77133DF14C741A300D8BDA5 /* registrations.png in Resources */,
				B77133E914C756F200D8BDA5 /* ViewEventViewController.xib in Resources */,
			);
			runOnlyForDeploymentPostprocessing = 0;
		};
/* End PBXResourcesBuildPhase section */

/* Begin PBXSourcesBuildPhase section */
		B7CB1A171472C3F6002BB32D /* Sources */ = {
			isa = PBXSourcesBuildPhase;
			buildActionMask = 2147483647;
			files = (
				B7CB1A2C1472C3F6002BB32D /* main.m in Sources */,
				B7CB1A301472C3F6002BB32D /* AppDelegate.m in Sources */,
				B7CB1A331472C3F6002BB32D /* ListRegistrationsViewController.m in Sources */,
				B7CB1A3A1472C3F6002BB32D /* SettingsViewController.m in Sources */,
				B719CC3214C3424A00972C7F /* LoginViewController.m in Sources */,
				B719CC4A14C3514200972C7F /* ASIAuthenticationDialog.m in Sources */,
				B719CC4B14C3514200972C7F /* ASIDataCompressor.m in Sources */,
				B719CC4C14C3514200972C7F /* ASIDataDecompressor.m in Sources */,
				B719CC4D14C3514200972C7F /* ASIDownloadCache.m in Sources */,
				B719CC4E14C3514200972C7F /* ASIFormDataRequest.m in Sources */,
				B719CC4F14C3514200972C7F /* ASIHTTPRequest.m in Sources */,
				B719CC5014C3514200972C7F /* ASIInputStream.m in Sources */,
				B719CC5114C3514200972C7F /* ASINetworkQueue.m in Sources */,
				B719CC5514C3515100972C7F /* Reachability.m in Sources */,
				B7E13A8514C4A4300021E9B0 /* JSONKit.m in Sources */,
				B7E13A8A14C4A4D30021E9B0 /* User.m in Sources */,
				B77133E814C756F200D8BDA5 /* ViewEventViewController.m in Sources */,
				B710753914C89AC900BB0B66 /* TableCellEventList.m in Sources */,
				B710754514C8B27000BB0B66 /* TableCellEvent.m in Sources */,
			);
			runOnlyForDeploymentPostprocessing = 0;
		};
/* End PBXSourcesBuildPhase section */

/* Begin PBXVariantGroup section */
		B7CB1A281472C3F6002BB32D /* InfoPlist.strings */ = {
			isa = PBXVariantGroup;
			children = (
				B7CB1A291472C3F6002BB32D /* en */,
			);
			name = InfoPlist.strings;
			sourceTree = "<group>";
		};
		B7CB1A3F1472C3F6002BB32D /* ListRegistrationsViewController.xib */ = {
			isa = PBXVariantGroup;
			children = (
				B7CB1A401472C3F6002BB32D /* en */,
			);
			name = ListRegistrationsViewController.xib;
			sourceTree = "<group>";
		};
		B7CB1A421472C3F6002BB32D /* SecondViewController.xib */ = {
			isa = PBXVariantGroup;
			children = (
				B7CB1A431472C3F6002BB32D /* en */,
			);
			name = SecondViewController.xib;
			sourceTree = "<group>";
		};
/* End PBXVariantGroup section */

/* Begin XCBuildConfiguration section */
		B7CB1A451472C3F6002BB32D /* Debug */ = {
			isa = XCBuildConfiguration;
			buildSettings = {
				ALWAYS_SEARCH_USER_PATHS = NO;
				ARCHS = "$(ARCHS_STANDARD_32_BIT)";
				"CODE_SIGN_IDENTITY[sdk=iphoneos*]" = "iPhone Developer";
				COPY_PHASE_STRIP = NO;
				GCC_C_LANGUAGE_STANDARD = gnu99;
				GCC_DYNAMIC_NO_PIC = NO;
				GCC_OPTIMIZATION_LEVEL = 0;
				GCC_PREPROCESSOR_DEFINITIONS = (
					"DEBUG=1",
					"$(inherited)",
				);
				GCC_SYMBOLS_PRIVATE_EXTERN = NO;
				GCC_VERSION = com.apple.compilers.llvm.clang.1_0;
				GCC_WARN_ABOUT_MISSING_PROTOTYPES = YES;
				GCC_WARN_ABOUT_RETURN_TYPE = YES;
				GCC_WARN_UNUSED_VARIABLE = YES;
				IPHONEOS_DEPLOYMENT_TARGET = 4.3;
				SDKROOT = iphoneos;
			};
			name = Debug;
		};
		B7CB1A461472C3F6002BB32D /* Release */ = {
			isa = XCBuildConfiguration;
			buildSettings = {
				ALWAYS_SEARCH_USER_PATHS = NO;
				ARCHS = "$(ARCHS_STANDARD_32_BIT)";
				"CODE_SIGN_IDENTITY[sdk=iphoneos*]" = "iPhone Developer";
				COPY_PHASE_STRIP = YES;
				GCC_C_LANGUAGE_STANDARD = gnu99;
				GCC_VERSION = com.apple.compilers.llvm.clang.1_0;
				GCC_WARN_ABOUT_MISSING_PROTOTYPES = YES;
				GCC_WARN_ABOUT_RETURN_TYPE = YES;
				GCC_WARN_UNUSED_VARIABLE = YES;
				IPHONEOS_DEPLOYMENT_TARGET = 4.3;
				OTHER_CFLAGS = "-DNS_BLOCK_ASSERTIONS=1";
				SDKROOT = iphoneos;
				VALIDATE_PRODUCT = YES;
			};
			name = Release;
		};
		B7CB1A481472C3F6002BB32D /* Debug */ = {
			isa = XCBuildConfiguration;
			buildSettings = {
				GCC_PRECOMPILE_PREFIX_HEADER = YES;
				GCC_PREFIX_HEADER = "ClubMaster/ClubMaster-Prefix.pch";
				INFOPLIST_FILE = "ClubMaster/ClubMaster-Info.plist";
				PRODUCT_NAME = "$(TARGET_NAME)";
				WRAPPER_EXTENSION = app;
			};
			name = Debug;
		};
		B7CB1A491472C3F6002BB32D /* Release */ = {
			isa = XCBuildConfiguration;
			buildSettings = {
				GCC_PRECOMPILE_PREFIX_HEADER = YES;
				GCC_PREFIX_HEADER = "ClubMaster/ClubMaster-Prefix.pch";
				INFOPLIST_FILE = "ClubMaster/ClubMaster-Info.plist";
				PRODUCT_NAME = "$(TARGET_NAME)";
				WRAPPER_EXTENSION = app;
			};
			name = Release;
		};
/* End XCBuildConfiguration section */

/* Begin XCConfigurationList section */
		B7CB1A151472C3F5002BB32D /* Build configuration list for PBXProject "ClubMaster" */ = {
			isa = XCConfigurationList;
			buildConfigurations = (
				B7CB1A451472C3F6002BB32D /* Debug */,
				B7CB1A461472C3F6002BB32D /* Release */,
			);
			defaultConfigurationIsVisible = 0;
			defaultConfigurationName = Release;
		};
		B7CB1A471472C3F6002BB32D /* Build configuration list for PBXNativeTarget "ClubMaster" */ = {
			isa = XCConfigurationList;
			buildConfigurations = (
				B7CB1A481472C3F6002BB32D /* Debug */,
				B7CB1A491472C3F6002BB32D /* Release */,
			);
			defaultConfigurationIsVisible = 0;
			defaultConfigurationName = Release;
		};
/* End XCConfigurationList section */
	};
	rootObject = B7CB1A121472C3F5002BB32D /* Project object */;
}
